
Microsoft Visual Studio Solution File, Format Version 12.00
# Visual Studio 15
VisualStudioVersion = 15.0.27004.2009
MinimumVisualStudioVersion = 10.0.40219.1
Project("{8BC9CEB8-8B4A-11D0-8D11-00A0C91BC942}") = "testPlayer", "testPlayer\testPlayPSG.vcxproj", "{D147FE48-6FCE-4D40-A4B7-2015F928603D}"
EndProject
Project("{8BC9CEB8-8B4A-11D0-8D11-00A0C91BC942}") = "vgm_psg2psg", "vgm_psg2psg\vgm_psg2psg.vcxproj", "{E8E19087-1527-41CA-AAD0-53680DDE5B11}"
EndProject
Project("{8BC9CEB8-8B4A-11D0-8D11-00A0C91BC942}") = "vgm_ay2psg", "vgm_ay2psg\vgm_ay2psg.vcxproj", "{C953C8D9-E80D-4B3D-86BB-C5B1C1B6875A}"
EndProject
Project("{8BC9CEB8-8B4A-11D0-8D11-00A0C91BC942}") = "vgm_id", "vgmid\vgm_id.vcxproj", "{3EFFE07D-25B0-4CD6-9584-D726B08D2300}"
EndProject
Project("{8BC9CEB8-8B4A-11D0-8D11-00A0C91BC942}") = "prepare4SN", "prepare4SN\prepare4PSG.vcxproj", "{DD7CA84E-4602-4AC3-BEF5-74BCCD7451D2}"
EndProject
Project("{8BC9CEB8-8B4A-11D0-8D11-00A0C91BC942}") = "vgm_gb2psg", "vgm_gb2psg\vgm_gb2psg.vcxproj", "{C3F09F97-FA65-4547-BE59-6C6AF2B5D04A}"
EndProject
Project("{8BC9CEB8-8B4A-11D0-8D11-00A0C91BC942}") = "vgm_pokey2psg", "vgm_pokey2psg\vgm_pokey2psg.vcxproj", "{3656274E-09E7-448A-8E0A-1A87C57281E5}"
EndProject
Project("{8BC9CEB8-8B4A-11D0-8D11-00A0C91BC942}") = "vgm_nes2psg", "vgm_nes2psg\vgm_nes2psg.vcxproj", "{BE8572BB-4415-48D6-AEE0-FC27A74C3CED}"
EndProject
Project("{8BC9CEB8-8B4A-11D0-8D11-00A0C91BC942}") = "vgmcomp2", "vgmcomp2\vgmcomp2.vcxproj", "{12A01668-FF88-4A88-8AC5-394B447B2D7E}"
EndProject
Project("{2150E333-8FDC-42A3-9474-1A3956D46DE8}") = "Players", "Players", "{17620A3A-947D-4A8C-8D6F-8418F127E2AB}"
EndProject
Project("{2150E333-8FDC-42A3-9474-1A3956D46DE8}") = "CPlayer", "CPlayer", "{009FB895-AF76-4DBE-B35A-E43ABAFFE563}"
	ProjectSection(SolutionItems) = preProject
		Players\CPlayer\CPlayer.c = Players\CPlayer\CPlayer.c
		Players\CPlayer\CPlayer.h = Players\CPlayer\CPlayer.h
		Players\CPlayer\CPlayerCommon.c = Players\CPlayer\CPlayerCommon.c
		Players\CPlayer\CPlayerTest.c = Players\CPlayer\CPlayerTest.c
	EndProjectSection
EndProject
Project("{8BC9CEB8-8B4A-11D0-8D11-00A0C91BC942}") = "PCAY", "Players\PCAY\PC.vcxproj", "{E20C76E4-3B50-4905-91AD-15736D64ED57}"
EndProject
Project("{8BC9CEB8-8B4A-11D0-8D11-00A0C91BC942}") = "PCSN", "Players\PCSN\PCSN.vcxproj", "{01263202-227D-4316-8459-25D35EFCD16E}"
EndProject
Project("{2150E333-8FDC-42A3-9474-1A3956D46DE8}") = "LICENSE", "LICENSE", "{8F2A78CE-93B2-45DB-964B-40991EEAD2DC}"
	ProjectSection(SolutionItems) = preProject
		PublicDomain.txt = PublicDomain.txt
	EndProjectSection
EndProject
Project("{8BC9CEB8-8B4A-11D0-8D11-00A0C91BC942}") = "prepare4AY", "prepare4AY\prepare4AY.vcxproj", "{066D0D1B-F97E-424E-910A-58E8D5587935}"
EndProject
Project("{2150E333-8FDC-42A3-9474-1A3956D46DE8}") = "TISN", "TISN", "{280179E3-2613-41F5-A99B-0BE8B51CB232}"
	ProjectSection(SolutionItems) = preProject
		Players\TISN\CPlayerCommonHandEdit.asm = Players\TISN\CPlayerCommonHandEdit.asm
		Players\TISN\CPlayerTI.c = Players\TISN\CPlayerTI.c
		Players\TISN\CPlayerTIHandEdit.asm = Players\TISN\CPlayerTIHandEdit.asm
		Players\TISN\crt0_ea5.asm = Players\TISN\crt0_ea5.asm
		Players\TISN\Makefile = Players\TISN\Makefile
		Players\TISN\Readme.txt = Players\TISN\Readme.txt
		Players\TISN\sil_nes.c = Players\TISN\sil_nes.c
		Players\TISN\sil_nes.vgz.sbf = Players\TISN\sil_nes.vgz.sbf
		Players\TISN\tisnplay.c = Players\TISN\tisnplay.c
	EndProjectSection
EndProject
Project("{2150E333-8FDC-42A3-9474-1A3956D46DE8}") = "Solution Items", "Solution Items", "{74DA6445-7D10-4055-AF3A-F48DF65572B7}"
	ProjectSection(SolutionItems) = preProject
		.gitignore = .gitignore
		readme.md = readme.md
	EndProjectSection
EndProject
Project("{8BC9CEB8-8B4A-11D0-8D11-00A0C91BC942}") = "psg2vgm", "psg2vgm\psg2vgm.vcxproj", "{B4D73B08-66FD-4BE3-8FD9-53B1193E518F}"
EndProject
Project("{8BC9CEB8-8B4A-11D0-8D11-00A0C91BC942}") = "AnalyzeStream", "AnalyzeStream\AnalyzeStream.vcxproj", "{9A7B3DFD-4F72-4D9D-9611-BB733ED64621}"
EndProject
Project("{8BC9CEB8-8B4A-11D0-8D11-00A0C91BC942}") = "prepare4SID", "prepare4SID\prepare4SID.vcxproj", "{C887944E-AD9B-4C5E-91B6-B04F4E5B35CE}"
EndProject
Project("{8BC9CEB8-8B4A-11D0-8D11-00A0C91BC942}") = "PCSID", "Players\PCSID\PCSID.vcxproj", "{E1FC2EB0-D727-485C-89FA-44CC6914D7FF}"
EndProject
Project("{2150E333-8FDC-42A3-9474-1A3956D46DE8}") = "TISID", "TISID", "{1E65BDBD-AF4C-4AF3-AFC9-F9C6814ED736}"
	ProjectSection(SolutionItems) = preProject
		Players\TISID\crt0_ea5.asm = Players\TISID\crt0_ea5.asm
		Players\TISID\CSIDPlay.h = Players\TISID\CSIDPlay.h
		Players\TISID\CSIDPlayCommonHandEdit.asm = Players\TISID\CSIDPlayCommonHandEdit.asm
		Players\TISID\CSIDPlayTIHandEdit.asm = Players\TISID\CSIDPlayTIHandEdit.asm
		Players\TISID\Makefile = Players\TISID\Makefile
		Players\TISID\Readme.txt = Players\TISID\Readme.txt
		Players\TISID\tisidplay.c = Players\TISID\tisidplay.c
	EndProjectSection
EndProject
Global
	GlobalSection(SolutionConfigurationPlatforms) = preSolution
		Debug|Win32 = Debug|Win32
		Debug|x64 = Debug|x64
		Release|Win32 = Release|Win32
		Release|x64 = Release|x64
	EndGlobalSection
	GlobalSection(ProjectConfigurationPlatforms) = postSolution
		{D147FE48-6FCE-4D40-A4B7-2015F928603D}.Debug|Win32.ActiveCfg = Debug|Win32
		{D147FE48-6FCE-4D40-A4B7-2015F928603D}.Debug|Win32.Build.0 = Debug|Win32
		{D147FE48-6FCE-4D40-A4B7-2015F928603D}.Debug|x64.ActiveCfg = Debug|x64
		{D147FE48-6FCE-4D40-A4B7-2015F928603D}.Debug|x64.Build.0 = Debug|x64
		{D147FE48-6FCE-4D40-A4B7-2015F928603D}.Release|Win32.ActiveCfg = Release|Win32
		{D147FE48-6FCE-4D40-A4B7-2015F928603D}.Release|Win32.Build.0 = Release|Win32
		{D147FE48-6FCE-4D40-A4B7-2015F928603D}.Release|x64.ActiveCfg = Release|x64
		{D147FE48-6FCE-4D40-A4B7-2015F928603D}.Release|x64.Build.0 = Release|x64
		{E8E19087-1527-41CA-AAD0-53680DDE5B11}.Debug|Win32.ActiveCfg = Debug|Win32
		{E8E19087-1527-41CA-AAD0-53680DDE5B11}.Debug|Win32.Build.0 = Debug|Win32
		{E8E19087-1527-41CA-AAD0-53680DDE5B11}.Debug|x64.ActiveCfg = Debug|x64
		{E8E19087-1527-41CA-AAD0-53680DDE5B11}.Debug|x64.Build.0 = Debug|x64
		{E8E19087-1527-41CA-AAD0-53680DDE5B11}.Release|Win32.ActiveCfg = Release|Win32
		{E8E19087-1527-41CA-AAD0-53680DDE5B11}.Release|Win32.Build.0 = Release|Win32
		{E8E19087-1527-41CA-AAD0-53680DDE5B11}.Release|x64.ActiveCfg = Release|x64
		{E8E19087-1527-41CA-AAD0-53680DDE5B11}.Release|x64.Build.0 = Release|x64
		{C953C8D9-E80D-4B3D-86BB-C5B1C1B6875A}.Debug|Win32.ActiveCfg = Debug|Win32
		{C953C8D9-E80D-4B3D-86BB-C5B1C1B6875A}.Debug|Win32.Build.0 = Debug|Win32
		{C953C8D9-E80D-4B3D-86BB-C5B1C1B6875A}.Debug|x64.ActiveCfg = Debug|x64
		{C953C8D9-E80D-4B3D-86BB-C5B1C1B6875A}.Debug|x64.Build.0 = Debug|x64
		{C953C8D9-E80D-4B3D-86BB-C5B1C1B6875A}.Release|Win32.ActiveCfg = Release|Win32
		{C953C8D9-E80D-4B3D-86BB-C5B1C1B6875A}.Release|Win32.Build.0 = Release|Win32
		{C953C8D9-E80D-4B3D-86BB-C5B1C1B6875A}.Release|x64.ActiveCfg = Release|x64
		{C953C8D9-E80D-4B3D-86BB-C5B1C1B6875A}.Release|x64.Build.0 = Release|x64
		{3EFFE07D-25B0-4CD6-9584-D726B08D2300}.Debug|Win32.ActiveCfg = Debug|Win32
		{3EFFE07D-25B0-4CD6-9584-D726B08D2300}.Debug|Win32.Build.0 = Debug|Win32
		{3EFFE07D-25B0-4CD6-9584-D726B08D2300}.Debug|x64.ActiveCfg = Debug|x64
		{3EFFE07D-25B0-4CD6-9584-D726B08D2300}.Debug|x64.Build.0 = Debug|x64
		{3EFFE07D-25B0-4CD6-9584-D726B08D2300}.Release|Win32.ActiveCfg = Release|Win32
		{3EFFE07D-25B0-4CD6-9584-D726B08D2300}.Release|Win32.Build.0 = Release|Win32
		{3EFFE07D-25B0-4CD6-9584-D726B08D2300}.Release|x64.ActiveCfg = Release|x64
		{3EFFE07D-25B0-4CD6-9584-D726B08D2300}.Release|x64.Build.0 = Release|x64
		{DD7CA84E-4602-4AC3-BEF5-74BCCD7451D2}.Debug|Win32.ActiveCfg = Debug|Win32
		{DD7CA84E-4602-4AC3-BEF5-74BCCD7451D2}.Debug|Win32.Build.0 = Debug|Win32
		{DD7CA84E-4602-4AC3-BEF5-74BCCD7451D2}.Debug|x64.ActiveCfg = Debug|x64
		{DD7CA84E-4602-4AC3-BEF5-74BCCD7451D2}.Debug|x64.Build.0 = Debug|x64
		{DD7CA84E-4602-4AC3-BEF5-74BCCD7451D2}.Release|Win32.ActiveCfg = Release|Win32
		{DD7CA84E-4602-4AC3-BEF5-74BCCD7451D2}.Release|Win32.Build.0 = Release|Win32
		{DD7CA84E-4602-4AC3-BEF5-74BCCD7451D2}.Release|x64.ActiveCfg = Release|x64
		{DD7CA84E-4602-4AC3-BEF5-74BCCD7451D2}.Release|x64.Build.0 = Release|x64
		{C3F09F97-FA65-4547-BE59-6C6AF2B5D04A}.Debug|Win32.ActiveCfg = Debug|Win32
		{C3F09F97-FA65-4547-BE59-6C6AF2B5D04A}.Debug|Win32.Build.0 = Debug|Win32
		{C3F09F97-FA65-4547-BE59-6C6AF2B5D04A}.Debug|x64.ActiveCfg = Debug|x64
		{C3F09F97-FA65-4547-BE59-6C6AF2B5D04A}.Debug|x64.Build.0 = Debug|x64
		{C3F09F97-FA65-4547-BE59-6C6AF2B5D04A}.Release|Win32.ActiveCfg = Release|Win32
		{C3F09F97-FA65-4547-BE59-6C6AF2B5D04A}.Release|Win32.Build.0 = Release|Win32
		{C3F09F97-FA65-4547-BE59-6C6AF2B5D04A}.Release|x64.ActiveCfg = Release|x64
		{C3F09F97-FA65-4547-BE59-6C6AF2B5D04A}.Release|x64.Build.0 = Release|x64
		{3656274E-09E7-448A-8E0A-1A87C57281E5}.Debug|Win32.ActiveCfg = Debug|Win32
		{3656274E-09E7-448A-8E0A-1A87C57281E5}.Debug|Win32.Build.0 = Debug|Win32
		{3656274E-09E7-448A-8E0A-1A87C57281E5}.Debug|x64.ActiveCfg = Debug|x64
		{3656274E-09E7-448A-8E0A-1A87C57281E5}.Debug|x64.Build.0 = Debug|x64
		{3656274E-09E7-448A-8E0A-1A87C57281E5}.Release|Win32.ActiveCfg = Release|Win32
		{3656274E-09E7-448A-8E0A-1A87C57281E5}.Release|Win32.Build.0 = Release|Win32
		{3656274E-09E7-448A-8E0A-1A87C57281E5}.Release|x64.ActiveCfg = Release|x64
		{3656274E-09E7-448A-8E0A-1A87C57281E5}.Release|x64.Build.0 = Release|x64
		{BE8572BB-4415-48D6-AEE0-FC27A74C3CED}.Debug|Win32.ActiveCfg = Debug|Win32
		{BE8572BB-4415-48D6-AEE0-FC27A74C3CED}.Debug|Win32.Build.0 = Debug|Win32
		{BE8572BB-4415-48D6-AEE0-FC27A74C3CED}.Debug|x64.ActiveCfg = Debug|x64
		{BE8572BB-4415-48D6-AEE0-FC27A74C3CED}.Debug|x64.Build.0 = Debug|x64
		{BE8572BB-4415-48D6-AEE0-FC27A74C3CED}.Release|Win32.ActiveCfg = Release|Win32
		{BE8572BB-4415-48D6-AEE0-FC27A74C3CED}.Release|Win32.Build.0 = Release|Win32
		{BE8572BB-4415-48D6-AEE0-FC27A74C3CED}.Release|x64.ActiveCfg = Release|x64
		{BE8572BB-4415-48D6-AEE0-FC27A74C3CED}.Release|x64.Build.0 = Release|x64
		{12A01668-FF88-4A88-8AC5-394B447B2D7E}.Debug|Win32.ActiveCfg = Debug|Win32
		{12A01668-FF88-4A88-8AC5-394B447B2D7E}.Debug|Win32.Build.0 = Debug|Win32
		{12A01668-FF88-4A88-8AC5-394B447B2D7E}.Debug|x64.ActiveCfg = Debug|x64
		{12A01668-FF88-4A88-8AC5-394B447B2D7E}.Debug|x64.Build.0 = Debug|x64
		{12A01668-FF88-4A88-8AC5-394B447B2D7E}.Release|Win32.ActiveCfg = Release|Win32
		{12A01668-FF88-4A88-8AC5-394B447B2D7E}.Release|Win32.Build.0 = Release|Win32
		{12A01668-FF88-4A88-8AC5-394B447B2D7E}.Release|x64.ActiveCfg = Release|x64
		{12A01668-FF88-4A88-8AC5-394B447B2D7E}.Release|x64.Build.0 = Release|x64
		{E20C76E4-3B50-4905-91AD-15736D64ED57}.Debug|Win32.ActiveCfg = Debug|Win32
		{E20C76E4-3B50-4905-91AD-15736D64ED57}.Debug|Win32.Build.0 = Debug|Win32
		{E20C76E4-3B50-4905-91AD-15736D64ED57}.Debug|x64.ActiveCfg = Debug|x64
		{E20C76E4-3B50-4905-91AD-15736D64ED57}.Debug|x64.Build.0 = Debug|x64
		{E20C76E4-3B50-4905-91AD-15736D64ED57}.Release|Win32.ActiveCfg = Release|Win32
		{E20C76E4-3B50-4905-91AD-15736D64ED57}.Release|Win32.Build.0 = Release|Win32
		{E20C76E4-3B50-4905-91AD-15736D64ED57}.Release|x64.ActiveCfg = Release|x64
		{E20C76E4-3B50-4905-91AD-15736D64ED57}.Release|x64.Build.0 = Release|x64
		{01263202-227D-4316-8459-25D35EFCD16E}.Debug|Win32.ActiveCfg = Debug|Win32
		{01263202-227D-4316-8459-25D35EFCD16E}.Debug|Win32.Build.0 = Debug|Win32
		{01263202-227D-4316-8459-25D35EFCD16E}.Debug|x64.ActiveCfg = Debug|x64
		{01263202-227D-4316-8459-25D35EFCD16E}.Debug|x64.Build.0 = Debug|x64
		{01263202-227D-4316-8459-25D35EFCD16E}.Release|Win32.ActiveCfg = Release|Win32
		{01263202-227D-4316-8459-25D35EFCD16E}.Release|Win32.Build.0 = Release|Win32
		{01263202-227D-4316-8459-25D35EFCD16E}.Release|x64.ActiveCfg = Release|x64
		{01263202-227D-4316-8459-25D35EFCD16E}.Release|x64.Build.0 = Release|x64
		{066D0D1B-F97E-424E-910A-58E8D5587935}.Debug|Win32.ActiveCfg = Debug|Win32
		{066D0D1B-F97E-424E-910A-58E8D5587935}.Debug|Win32.Build.0 = Debug|Win32
		{066D0D1B-F97E-424E-910A-58E8D5587935}.Debug|x64.ActiveCfg = Debug|x64
		{066D0D1B-F97E-424E-910A-58E8D5587935}.Debug|x64.Build.0 = Debug|x64
		{066D0D1B-F97E-424E-910A-58E8D5587935}.Release|Win32.ActiveCfg = Release|Win32
		{066D0D1B-F97E-424E-910A-58E8D5587935}.Release|Win32.Build.0 = Release|Win32
		{066D0D1B-F97E-424E-910A-58E8D5587935}.Release|x64.ActiveCfg = Release|x64
		{066D0D1B-F97E-424E-910A-58E8D5587935}.Release|x64.Build.0 = Release|x64
		{B4D73B08-66FD-4BE3-8FD9-53B1193E518F}.Debug|Win32.ActiveCfg = Debug|Win32
		{B4D73B08-66FD-4BE3-8FD9-53B1193E518F}.Debug|Win32.Build.0 = Debug|Win32
		{B4D73B08-66FD-4BE3-8FD9-53B1193E518F}.Debug|x64.ActiveCfg = Debug|x64
		{B4D73B08-66FD-4BE3-8FD9-53B1193E518F}.Debug|x64.Build.0 = Debug|x64
		{B4D73B08-66FD-4BE3-8FD9-53B1193E518F}.Release|Win32.ActiveCfg = Release|Win32
		{B4D73B08-66FD-4BE3-8FD9-53B1193E518F}.Release|Win32.Build.0 = Release|Win32
		{B4D73B08-66FD-4BE3-8FD9-53B1193E518F}.Release|x64.ActiveCfg = Release|x64
		{B4D73B08-66FD-4BE3-8FD9-53B1193E518F}.Release|x64.Build.0 = Release|x64
		{9A7B3DFD-4F72-4D9D-9611-BB733ED64621}.Debug|Win32.ActiveCfg = Debug|Win32
		{9A7B3DFD-4F72-4D9D-9611-BB733ED64621}.Debug|Win32.Build.0 = Debug|Win32
		{9A7B3DFD-4F72-4D9D-9611-BB733ED64621}.Debug|x64.ActiveCfg = Debug|x64
		{9A7B3DFD-4F72-4D9D-9611-BB733ED64621}.Debug|x64.Build.0 = Debug|x64
		{9A7B3DFD-4F72-4D9D-9611-BB733ED64621}.Release|Win32.ActiveCfg = Release|Win32
		{9A7B3DFD-4F72-4D9D-9611-BB733ED64621}.Release|Win32.Build.0 = Release|Win32
		{9A7B3DFD-4F72-4D9D-9611-BB733ED64621}.Release|x64.ActiveCfg = Release|x64
		{9A7B3DFD-4F72-4D9D-9611-BB733ED64621}.Release|x64.Build.0 = Release|x64
		{C887944E-AD9B-4C5E-91B6-B04F4E5B35CE}.Debug|Win32.ActiveCfg = Debug|Win32
		{C887944E-AD9B-4C5E-91B6-B04F4E5B35CE}.Debug|Win32.Build.0 = Debug|Win32
		{C887944E-AD9B-4C5E-91B6-B04F4E5B35CE}.Debug|x64.ActiveCfg = Debug|x64
		{C887944E-AD9B-4C5E-91B6-B04F4E5B35CE}.Debug|x64.Build.0 = Debug|x64
		{C887944E-AD9B-4C5E-91B6-B04F4E5B35CE}.Release|Win32.ActiveCfg = Release|Win32
		{C887944E-AD9B-4C5E-91B6-B04F4E5B35CE}.Release|Win32.Build.0 = Release|Win32
		{C887944E-AD9B-4C5E-91B6-B04F4E5B35CE}.Release|x64.ActiveCfg = Release|x64
		{C887944E-AD9B-4C5E-91B6-B04F4E5B35CE}.Release|x64.Build.0 = Release|x64
		{E1FC2EB0-D727-485C-89FA-44CC6914D7FF}.Debug|Win32.ActiveCfg = Debug|Win32
		{E1FC2EB0-D727-485C-89FA-44CC6914D7FF}.Debug|Win32.Build.0 = Debug|Win32
		{E1FC2EB0-D727-485C-89FA-44CC6914D7FF}.Debug|x64.ActiveCfg = Debug|x64
		{E1FC2EB0-D727-485C-89FA-44CC6914D7FF}.Debug|x64.Build.0 = Debug|x64
		{E1FC2EB0-D727-485C-89FA-44CC6914D7FF}.Release|Win32.ActiveCfg = Release|Win32
		{E1FC2EB0-D727-485C-89FA-44CC6914D7FF}.Release|Win32.Build.0 = Release|Win32
		{E1FC2EB0-D727-485C-89FA-44CC6914D7FF}.Release|x64.ActiveCfg = Release|x64
		{E1FC2EB0-D727-485C-89FA-44CC6914D7FF}.Release|x64.Build.0 = Release|x64
	EndGlobalSection
	GlobalSection(SolutionProperties) = preSolution
		HideSolutionNode = FALSE
	EndGlobalSection
	GlobalSection(NestedProjects) = preSolution
		{009FB895-AF76-4DBE-B35A-E43ABAFFE563} = {17620A3A-947D-4A8C-8D6F-8418F127E2AB}
		{E20C76E4-3B50-4905-91AD-15736D64ED57} = {17620A3A-947D-4A8C-8D6F-8418F127E2AB}
		{01263202-227D-4316-8459-25D35EFCD16E} = {17620A3A-947D-4A8C-8D6F-8418F127E2AB}
		{280179E3-2613-41F5-A99B-0BE8B51CB232} = {17620A3A-947D-4A8C-8D6F-8418F127E2AB}
		{E1FC2EB0-D727-485C-89FA-44CC6914D7FF} = {17620A3A-947D-4A8C-8D6F-8418F127E2AB}
		{1E65BDBD-AF4C-4AF3-AFC9-F9C6814ED736} = {17620A3A-947D-4A8C-8D6F-8418F127E2AB}
	EndGlobalSection
	GlobalSection(ExtensibilityGlobals) = postSolution
		SolutionGuid = {DA2FB664-5954-49B8-843B-5144D183E3DC}
	EndGlobalSection
EndGlobal
