
Microsoft Visual Studio Solution File, Format Version 12.00
# Visual Studio 15
VisualStudioVersion = 15.0.27004.2009
MinimumVisualStudioVersion = 10.0.40219.1
Project("{8BC9CEB8-8B4A-11D0-8D11-00A0C91BC942}") = "testPlayer", "testPlayer\testPlayPSG.vcxproj", "{D147FE48-6FCE-4D40-A4B7-2015F928603D}"
EndProject
Project("{8BC9CEB8-8B4A-11D0-8D11-00A0C91BC942}") = "vgm_psg2psg", "vgm_psg2psg\vgm_psg2psg.vcxproj", "{E8E19087-1527-41CA-AAD0-53680DDE5B11}"
EndProject
Project("{8BC9CEB8-8B4A-11D0-8D11-00A0C91BC942}") = "vgm_ay2psg", "vgm_ay2psg\vgm_ay2psg.vcxproj", "{C953C8D9-E80D-4B3D-86BB-C5B1C1B6875A}"
EndProject
Project("{8BC9CEB8-8B4A-11D0-8D11-00A0C91BC942}") = "vgm_id", "vgmid\vgm_id.vcxproj", "{3EFFE07D-25B0-4CD6-9584-D726B08D2300}"
EndProject
Project("{8BC9CEB8-8B4A-11D0-8D11-00A0C91BC942}") = "prepare4SN", "prepare4SN\prepare4PSG.vcxproj", "{DD7CA84E-4602-4AC3-BEF5-74BCCD7451D2}"
EndProject
Project("{8BC9CEB8-8B4A-11D0-8D11-00A0C91BC942}") = "vgm_gb2psg", "vgm_gb2psg\vgm_gb2psg.vcxproj", "{C3F09F97-FA65-4547-BE59-6C6AF2B5D04A}"
EndProject
Project("{8BC9CEB8-8B4A-11D0-8D11-00A0C91BC942}") = "vgm_pokey2psg", "vgm_pokey2psg\vgm_pokey2psg.vcxproj", "{3656274E-09E7-448A-8E0A-1A87C57281E5}"
EndProject
Project("{8BC9CEB8-8B4A-11D0-8D11-00A0C91BC942}") = "vgm_nes2psg", "vgm_nes2psg\vgm_nes2psg.vcxproj", "{BE8572BB-4415-48D6-AEE0-FC27A74C3CED}"
EndProject
Project("{8BC9CEB8-8B4A-11D0-8D11-00A0C91BC942}") = "vgmcomp2", "vgmcomp2\vgmcomp2.vcxproj", "{12A01668-FF88-4A88-8AC5-394B447B2D7E}"
EndProject
Project("{2150E333-8FDC-42A3-9474-1A3956D46DE8}") = "Players", "Players", "{17620A3A-947D-4A8C-8D6F-8418F127E2AB}"
EndProject
Project("{2150E333-8FDC-42A3-9474-1A3956D46DE8}") = "CPlayer", "CPlayer", "{009FB895-AF76-4DBE-B35A-E43ABAFFE563}"
	ProjectSection(SolutionItems) = preProject
		Players\CPlayer\CPlayer.c = Players\CPlayer\CPlayer.c
		Players\CPlayer\CPlayer.h = Players\CPlayer\CPlayer.h
		Players\CPlayer\CPlayerCommon.c = Players\CPlayer\CPlayerCommon.c
		Players\CPlayer\CPlayerTest.c = Players\CPlayer\CPlayerTest.c
		Players\CPlayer\Makefile = Players\CPlayer\Makefile
	EndProjectSection
EndProject
Project("{2150E333-8FDC-42A3-9474-1A3956D46DE8}") = "LICENSE", "LICENSE", "{8F2A78CE-93B2-45DB-964B-40991EEAD2DC}"
	ProjectSection(SolutionItems) = preProject
		PublicDomainMostly.txt = PublicDomainMostly.txt
	EndProjectSection
EndProject
Project("{8BC9CEB8-8B4A-11D0-8D11-00A0C91BC942}") = "prepare4AY", "prepare4AY\prepare4AY.vcxproj", "{066D0D1B-F97E-424E-910A-58E8D5587935}"
EndProject
Project("{2150E333-8FDC-42A3-9474-1A3956D46DE8}") = "Solution Items", "Solution Items", "{74DA6445-7D10-4055-AF3A-F48DF65572B7}"
	ProjectSection(SolutionItems) = preProject
		.gitignore = .gitignore
		readme.md = readme.md
	EndProjectSection
EndProject
Project("{8BC9CEB8-8B4A-11D0-8D11-00A0C91BC942}") = "psg2vgm", "psg2vgm\psg2vgm.vcxproj", "{B4D73B08-66FD-4BE3-8FD9-53B1193E518F}"
EndProject
Project("{8BC9CEB8-8B4A-11D0-8D11-00A0C91BC942}") = "AnalyzeStream", "AnalyzeStream\AnalyzeStream.vcxproj", "{9A7B3DFD-4F72-4D9D-9611-BB733ED64621}"
EndProject
Project("{8BC9CEB8-8B4A-11D0-8D11-00A0C91BC942}") = "prepare4SID", "prepare4SID\prepare4SID.vcxproj", "{C887944E-AD9B-4C5E-91B6-B04F4E5B35CE}"
EndProject
Project("{2150E333-8FDC-42A3-9474-1A3956D46DE8}") = "PlayerSamples", "PlayerSamples", "{2A023C95-5B26-4C4C-838E-77468DD1C9D4}"
EndProject
Project("{2150E333-8FDC-42A3-9474-1A3956D46DE8}") = "libtivgm2", "libtivgm2", "{87187B18-D03A-4EC0-AA7B-77416100F494}"
	ProjectSection(SolutionItems) = preProject
		Players\libtivgm2\CPlayerCommonHandEdit.asm = Players\libtivgm2\CPlayerCommonHandEdit.asm
		Players\libtivgm2\CPlayerTIHandEdit.asm = Players\libtivgm2\CPlayerTIHandEdit.asm
		Players\libtivgm2\CPlayerTISfx.asm = Players\libtivgm2\CPlayerTISfx.asm
		Players\libtivgm2\CSIDPlayTIHandEdit.asm = Players\libtivgm2\CSIDPlayTIHandEdit.asm
		Players\libtivgm2\Makefile = Players\libtivgm2\Makefile
		Players\libtivgm2\readme.txt = Players\libtivgm2\readme.txt
		Players\libtivgm2\TISfxPlay.h = Players\libtivgm2\TISfxPlay.h
		Players\libtivgm2\TISIDPlay.h = Players\libtivgm2\TISIDPlay.h
		Players\libtivgm2\TISNPlay.h = Players\libtivgm2\TISNPlay.h
	EndProjectSection
EndProject
Project("{8BC9CEB8-8B4A-11D0-8D11-00A0C91BC942}") = "PCAY", "Players\Samples\PCAY\PC.vcxproj", "{E20C76E4-3B50-4905-91AD-15736D64ED57}"
EndProject
Project("{8BC9CEB8-8B4A-11D0-8D11-00A0C91BC942}") = "PCSID", "Players\Samples\PCSID\PCSID.vcxproj", "{E1FC2EB0-D727-485C-89FA-44CC6914D7FF}"
EndProject
Project("{8BC9CEB8-8B4A-11D0-8D11-00A0C91BC942}") = "PCSN", "Players\Samples\PCSN\PCSN.vcxproj", "{01263202-227D-4316-8459-25D35EFCD16E}"
EndProject
Project("{2150E333-8FDC-42A3-9474-1A3956D46DE8}") = "TISID", "TISID", "{6253B36F-9C40-47F1-9EED-54CBCA0EC623}"
	ProjectSection(SolutionItems) = preProject
		Players\Samples\TISID\ab.psgsid = Players\Samples\TISID\ab.psgsid
		Players\Samples\TISID\ab.sbfsid = Players\Samples\TISID\ab.sbfsid
		Players\Samples\TISID\ab_sid.c = Players\Samples\TISID\ab_sid.c
		Players\Samples\TISID\crt0_ea5.asm = Players\Samples\TISID\crt0_ea5.asm
		Players\Samples\TISID\Makefile = Players\Samples\TISID\Makefile
		Players\Samples\TISID\Readme.txt = Players\Samples\TISID\Readme.txt
		Players\Samples\TISID\TISIDPLAY = Players\Samples\TISID\TISIDPLAY
		Players\Samples\TISID\tisidplay.c = Players\Samples\TISID\tisidplay.c
	EndProjectSection
EndProject
Project("{2150E333-8FDC-42A3-9474-1A3956D46DE8}") = "TISN", "TISN", "{6EF6849B-6B23-4F0E-9165-1C41A0F286E8}"
	ProjectSection(SolutionItems) = preProject
		Players\Samples\TISN\crt0_ea5.asm = Players\Samples\TISN\crt0_ea5.asm
		Players\Samples\TISN\Makefile = Players\Samples\TISN\Makefile
		Players\Samples\TISN\Readme.txt = Players\Samples\TISN\Readme.txt
		Players\Samples\TISN\sil_nes.c = Players\Samples\TISN\sil_nes.c
		Players\Samples\TISN\sil_nes.vgz.psg = Players\Samples\TISN\sil_nes.vgz.psg
		Players\Samples\TISN\sil_nes.vgz.sbf = Players\Samples\TISN\sil_nes.vgz.sbf
		Players\Samples\TISN\TISNPLAY = Players\Samples\TISN\TISNPLAY
		Players\Samples\TISN\tisnplay.c = Players\Samples\TISN\tisnplay.c
		Players\Samples\TISN\TISNPLAZ = Players\Samples\TISN\TISNPLAZ
	EndProjectSection
EndProject
Project("{2150E333-8FDC-42A3-9474-1A3956D46DE8}") = "TISNSFX", "TISNSFX", "{12DA533C-1788-4A45-A4B6-FC14505FCF5F}"
	ProjectSection(SolutionItems) = preProject
		Players\Samples\TISNSFX\CPlayerSfx.h = Players\Samples\TISNSFX\CPlayerSfx.h
		Players\Samples\TISNSFX\crt0_ea5.asm = Players\Samples\TISNSFX\crt0_ea5.asm
		Players\Samples\TISNSFX\demomusic.c = Players\Samples\TISNSFX\demomusic.c
		Players\Samples\TISNSFX\Makefile = Players\Samples\TISNSFX\Makefile
		Players\Samples\TISNSFX\Readme.txt = Players\Samples\TISNSFX\Readme.txt
		Players\Samples\TISNSFX\snsfxplay.c = Players\Samples\TISNSFX\snsfxplay.c
		Players\Samples\TISNSFX\TISFXPLAY1 = Players\Samples\TISNSFX\TISFXPLAY1
		Players\Samples\TISNSFX\TISFXPLAY2 = Players\Samples\TISNSFX\TISFXPLAY2
		Players\Samples\TISNSFX\TISFXPLAY3 = Players\Samples\TISNSFX\TISFXPLAY3
	EndProjectSection
EndProject
Project("{2150E333-8FDC-42A3-9474-1A3956D46DE8}") = "vgm", "vgm", "{9D2D81C8-58F5-4B9C-A80C-38E7507056F0}"
	ProjectSection(SolutionItems) = preProject
		Players\Samples\TISNSFX\vgm\1Antarctic.psg = Players\Samples\TISNSFX\vgm\1Antarctic.psg
		Players\Samples\TISNSFX\vgm\1Antarctic.vgm = Players\Samples\TISNSFX\vgm\1Antarctic.vgm
		Players\Samples\TISNSFX\vgm\2CaGames.psg = Players\Samples\TISNSFX\vgm\2CaGames.psg
		Players\Samples\TISNSFX\vgm\2CaGames.vgm = Players\Samples\TISNSFX\vgm\2CaGames.vgm
		Players\Samples\TISNSFX\vgm\3DDragon.psg = Players\Samples\TISNSFX\vgm\3DDragon.psg
		Players\Samples\TISNSFX\vgm\3DDragon.vgm = Players\Samples\TISNSFX\vgm\3DDragon.vgm
		Players\Samples\TISNSFX\vgm\4Beatit.psg = Players\Samples\TISNSFX\vgm\4Beatit.psg
		Players\Samples\TISNSFX\vgm\4BeatIt.vgm = Players\Samples\TISNSFX\vgm\4BeatIt.vgm
		Players\Samples\TISNSFX\vgm\5Alf.psg = Players\Samples\TISNSFX\vgm\5Alf.psg
		Players\Samples\TISNSFX\vgm\5ALF.VGM = Players\Samples\TISNSFX\vgm\5ALF.VGM
		Players\Samples\TISNSFX\vgm\6Collect.psg = Players\Samples\TISNSFX\vgm\6Collect.psg
		Players\Samples\TISNSFX\vgm\6Collect.vgm = Players\Samples\TISNSFX\vgm\6Collect.vgm
		Players\Samples\TISNSFX\vgm\7Fall.psg = Players\Samples\TISNSFX\vgm\7Fall.psg
		Players\Samples\TISNSFX\vgm\7Fall.vgm = Players\Samples\TISNSFX\vgm\7Fall.vgm
		Players\Samples\TISNSFX\vgm\8Jump.psg = Players\Samples\TISNSFX\vgm\8Jump.psg
		Players\Samples\TISNSFX\vgm\8Jump.vgm = Players\Samples\TISNSFX\vgm\8Jump.vgm
		Players\Samples\TISNSFX\vgm\convert.cmd = Players\Samples\TISNSFX\vgm\convert.cmd
		Players\Samples\TISNSFX\vgm\demo.sbf = Players\Samples\TISNSFX\vgm\demo.sbf
	EndProjectSection
EndProject
Project("{2150E333-8FDC-42A3-9474-1A3956D46DE8}") = "TISNSID", "TISNSID", "{D009E309-977C-4F63-951E-73559D92AC86}"
	ProjectSection(SolutionItems) = preProject
		Players\Samples\TISNSID\crt0_ea5.asm = Players\Samples\TISNSID\crt0_ea5.asm
		Players\Samples\TISNSID\Makefile = Players\Samples\TISNSID\Makefile
		Players\Samples\TISNSID\Readme.txt = Players\Samples\TISNSID\Readme.txt
		Players\Samples\TISNSID\tisnsidplay.c = Players\Samples\TISNSID\tisnsidplay.c
		Players\Samples\TISNSID\wb.sidpsg = Players\Samples\TISNSID\wb.sidpsg
		Players\Samples\TISNSID\wb.sidsbf = Players\Samples\TISNSID\wb.sidsbf
		Players\Samples\TISNSID\wb.snpsg = Players\Samples\TISNSID\wb.snpsg
		Players\Samples\TISNSID\wb.snsbf = Players\Samples\TISNSID\wb.snsbf
		Players\Samples\TISNSID\wbsid.c = Players\Samples\TISNSID\wbsid.c
		Players\Samples\TISNSID\wbsn.c = Players\Samples\TISNSID\wbsn.c
	EndProjectSection
EndProject
Project("{8BC9CEB8-8B4A-11D0-8D11-00A0C91BC942}") = "mod2psg", "mod2psg\mod2psg.vcxproj", "{A8AE6659-CFC8-45AB-8292-867E4236C223}"
EndProject
Project("{8BC9CEB8-8B4A-11D0-8D11-00A0C91BC942}") = "arptones", "arptones\arptones.vcxproj", "{FC94BE80-16DB-4078-9172-18F1246D0778}"
EndProject
Project("{8BC9CEB8-8B4A-11D0-8D11-00A0C91BC942}") = "mergenoise", "mergenoise\mergenoise.vcxproj", "{765A133F-BE53-48E0-B1E0-2394188F9794}"
EndProject
Project("{8BC9CEB8-8B4A-11D0-8D11-00A0C91BC942}") = "smoothvolume", "smoothvolume\smoothvolume.vcxproj", "{D03EC33C-76CE-4FD5-A9B6-87AA9B631E6D}"
EndProject
Project("{2150E333-8FDC-42A3-9474-1A3956D46DE8}") = "Converters", "Converters", "{C61D286B-17D5-4238-AB62-DF4DF9865169}"
EndProject
Project("{2150E333-8FDC-42A3-9474-1A3956D46DE8}") = "Tools", "Tools", "{9CC5C3AC-84E2-4803-9CEF-BF627BB2C8E1}"
EndProject
Project("{8BC9CEB8-8B4A-11D0-8D11-00A0C91BC942}") = "arp3tones", "arp3tones\arp3tones.vcxproj", "{A66C117C-4FFD-4ACD-8F28-271BD074FA1C}"
EndProject
Project("{8BC9CEB8-8B4A-11D0-8D11-00A0C91BC942}") = "cleardupes", "cleardupes\cleardupes.vcxproj", "{8CEB3E5A-E4F9-4192-A995-15931D679455}"
EndProject
Project("{2150E333-8FDC-42A3-9474-1A3956D46DE8}") = "libcolecovgm2", "libcolecovgm2", "{B63EF47F-D767-4CD1-BD3F-6AE36A776FE8}"
	ProjectSection(SolutionItems) = preProject
		Players\libcolecovgm2\ColCPlayer.c = Players\libcolecovgm2\ColCPlayer.c
		Players\libcolecovgm2\ColCPlayer.h = Players\libcolecovgm2\ColCPlayer.h
		Players\libcolecovgm2\ColCPlayerCommon.c = Players\libcolecovgm2\ColCPlayerCommon.c
		Players\libcolecovgm2\ColecoAYPlay.h = Players\libcolecovgm2\ColecoAYPlay.h
		Players\libcolecovgm2\ColecoPlayerAY.c = Players\libcolecovgm2\ColecoPlayerAY.c
		Players\libcolecovgm2\ColecoPlayerSFX.c = Players\libcolecovgm2\ColecoPlayerSFX.c
		Players\libcolecovgm2\ColecoPlayerSN.c = Players\libcolecovgm2\ColecoPlayerSN.c
		Players\libcolecovgm2\ColecoSfxPlay.h = Players\libcolecovgm2\ColecoSfxPlay.h
		Players\libcolecovgm2\ColecoSNPlay.h = Players\libcolecovgm2\ColecoSNPlay.h
		Players\libcolecovgm2\Makefile = Players\libcolecovgm2\Makefile
		Players\libcolecovgm2\readme.txt = Players\libcolecovgm2\readme.txt
	EndProjectSection
EndProject
Project("{2150E333-8FDC-42A3-9474-1A3956D46DE8}") = "ColecoSN", "ColecoSN", "{35244252-61B0-4B77-BC8C-465B3E1CB613}"
	ProjectSection(SolutionItems) = preProject
		Players\Samples\ColecoSN\colecosnplay.c = Players\Samples\ColecoSN\colecosnplay.c
		Players\Samples\ColecoSN\crt0.s = Players\Samples\ColecoSN\crt0.s
		Players\Samples\ColecoSN\Makefile = Players\Samples\ColecoSN\Makefile
		Players\Samples\ColecoSN\sil_nes.c = Players\Samples\ColecoSN\sil_nes.c
		Players\Samples\ColecoSN\sil_nes.vgz.psg = Players\Samples\ColecoSN\sil_nes.vgz.psg
		Players\Samples\ColecoSN\sil_nes.vgz.sbf = Players\Samples\ColecoSN\sil_nes.vgz.sbf
	EndProjectSection
EndProject
Project("{2150E333-8FDC-42A3-9474-1A3956D46DE8}") = "ColecoAY", "ColecoAY", "{C1801B5E-7B34-4713-BEB6-8F783E262F3D}"
	ProjectSection(SolutionItems) = preProject
		Players\Samples\ColecoAY\ab.psgay = Players\Samples\ColecoAY\ab.psgay
		Players\Samples\ColecoAY\ab.sbfay = Players\Samples\ColecoAY\ab.sbfay
		Players\Samples\ColecoAY\ab_ay.c = Players\Samples\ColecoAY\ab_ay.c
		Players\Samples\ColecoAY\colecoayplay.c = Players\Samples\ColecoAY\colecoayplay.c
		Players\Samples\ColecoAY\crt0.s = Players\Samples\ColecoAY\crt0.s
		Players\Samples\ColecoAY\Makefile = Players\Samples\ColecoAY\Makefile
	EndProjectSection
EndProject
Project("{8BC9CEB8-8B4A-11D0-8D11-00A0C91BC942}") = "scalepitch", "scalepitch\scalepitch.vcxproj", "{DF4D72FB-CA12-4716-B537-D583CC0FC2EB}"
EndProject
Project("{2150E333-8FDC-42A3-9474-1A3956D46DE8}") = "ColecoSNAY", "ColecoSNAY", "{DE26F071-E6A0-4A2C-8B61-973533647F93}"
	ProjectSection(SolutionItems) = preProject
		Players\Samples\ColecoSNAY\colecosnayplay.c = Players\Samples\ColecoSNAY\colecosnayplay.c
		Players\Samples\ColecoSNAY\crt0.s = Players\Samples\ColecoSNAY\crt0.s
		Players\Samples\ColecoSNAY\Makefile = Players\Samples\ColecoSNAY\Makefile
		Players\Samples\ColecoSNAY\readme.txt = Players\Samples\ColecoSNAY\readme.txt
		Players\Samples\ColecoSNAY\wb.psgay = Players\Samples\ColecoSNAY\wb.psgay
		Players\Samples\ColecoSNAY\wb.psgsn = Players\Samples\ColecoSNAY\wb.psgsn
		Players\Samples\ColecoSNAY\wb_psg2.vgz = Players\Samples\ColecoSNAY\wb_psg2.vgz
		Players\Samples\ColecoSNAY\wbay.c = Players\Samples\ColecoSNAY\wbay.c
		Players\Samples\ColecoSNAY\wbsn.c = Players\Samples\ColecoSNAY\wbsn.c
	EndProjectSection
EndProject
Project("{2150E333-8FDC-42A3-9474-1A3956D46DE8}") = "ColecoSNSFX", "ColecoSNSFX", "{4B994E02-3A1D-458C-8D1D-999524E76ADD}"
	ProjectSection(SolutionItems) = preProject
		Players\Samples\ColecoSNSFX\crt0.s = Players\Samples\ColecoSNSFX\crt0.s
		Players\Samples\ColecoSNSFX\demomusic.c = Players\Samples\ColecoSNSFX\demomusic.c
		Players\Samples\ColecoSNSFX\Makefile = Players\Samples\ColecoSNSFX\Makefile
		Players\Samples\ColecoSNSFX\snsfxplay.c = Players\Samples\ColecoSNSFX\snsfxplay.c
	EndProjectSection
EndProject
Project("{8BC9CEB8-8B4A-11D0-8D11-00A0C91BC942}") = "QuickPlayer", "Players\Samples\QuickPlayer\QuickPlayer.vcxproj", "{15667BC9-8FD1-4A29-94B4-22B568B5DDA6}"
EndProject
Project("{8BC9CEB8-8B4A-11D0-8D11-00A0C91BC942}") = "quickplayercmd", "Players\Samples\quickplayercmd\quickplayercmd.vcxproj", "{7DB268DF-D117-40C0-97C8-9137C4BE3984}"
EndProject
Project("{8BC9CEB8-8B4A-11D0-8D11-00A0C91BC942}") = "sid2psg", "sid2psg\sid2psg.vcxproj", "{D24ECB66-303C-4E77-AF14-3088486A38F7}"
EndProject
Project("{8BC9CEB8-8B4A-11D0-8D11-00A0C91BC942}") = "voice2psg", "voice2psg\voice2psg.vcxproj", "{11BBB2DD-B55E-4B54-B24D-448B74E994E2}"
EndProject
Global
	GlobalSection(SolutionConfigurationPlatforms) = preSolution
		Debug|Win32 = Debug|Win32
		Debug|x64 = Debug|x64
		Release|Win32 = Release|Win32
		Release|x64 = Release|x64
	EndGlobalSection
	GlobalSection(ProjectConfigurationPlatforms) = postSolution
		{D147FE48-6FCE-4D40-A4B7-2015F928603D}.Debug|Win32.ActiveCfg = Debug|Win32
		{D147FE48-6FCE-4D40-A4B7-2015F928603D}.Debug|Win32.Build.0 = Debug|Win32
		{D147FE48-6FCE-4D40-A4B7-2015F928603D}.Debug|x64.ActiveCfg = Debug|x64
		{D147FE48-6FCE-4D40-A4B7-2015F928603D}.Debug|x64.Build.0 = Debug|x64
		{D147FE48-6FCE-4D40-A4B7-2015F928603D}.Release|Win32.ActiveCfg = Release|Win32
		{D147FE48-6FCE-4D40-A4B7-2015F928603D}.Release|Win32.Build.0 = Release|Win32
		{D147FE48-6FCE-4D40-A4B7-2015F928603D}.Release|x64.ActiveCfg = Release|x64
		{D147FE48-6FCE-4D40-A4B7-2015F928603D}.Release|x64.Build.0 = Release|x64
		{E8E19087-1527-41CA-AAD0-53680DDE5B11}.Debug|Win32.ActiveCfg = Debug|Win32
		{E8E19087-1527-41CA-AAD0-53680DDE5B11}.Debug|Win32.Build.0 = Debug|Win32
		{E8E19087-1527-41CA-AAD0-53680DDE5B11}.Debug|x64.ActiveCfg = Debug|x64
		{E8E19087-1527-41CA-AAD0-53680DDE5B11}.Debug|x64.Build.0 = Debug|x64
		{E8E19087-1527-41CA-AAD0-53680DDE5B11}.Release|Win32.ActiveCfg = Release|Win32
		{E8E19087-1527-41CA-AAD0-53680DDE5B11}.Release|Win32.Build.0 = Release|Win32
		{E8E19087-1527-41CA-AAD0-53680DDE5B11}.Release|x64.ActiveCfg = Release|x64
		{E8E19087-1527-41CA-AAD0-53680DDE5B11}.Release|x64.Build.0 = Release|x64
		{C953C8D9-E80D-4B3D-86BB-C5B1C1B6875A}.Debug|Win32.ActiveCfg = Debug|Win32
		{C953C8D9-E80D-4B3D-86BB-C5B1C1B6875A}.Debug|Win32.Build.0 = Debug|Win32
		{C953C8D9-E80D-4B3D-86BB-C5B1C1B6875A}.Debug|x64.ActiveCfg = Debug|x64
		{C953C8D9-E80D-4B3D-86BB-C5B1C1B6875A}.Debug|x64.Build.0 = Debug|x64
		{C953C8D9-E80D-4B3D-86BB-C5B1C1B6875A}.Release|Win32.ActiveCfg = Release|Win32
		{C953C8D9-E80D-4B3D-86BB-C5B1C1B6875A}.Release|Win32.Build.0 = Release|Win32
		{C953C8D9-E80D-4B3D-86BB-C5B1C1B6875A}.Release|x64.ActiveCfg = Release|x64
		{C953C8D9-E80D-4B3D-86BB-C5B1C1B6875A}.Release|x64.Build.0 = Release|x64
		{3EFFE07D-25B0-4CD6-9584-D726B08D2300}.Debug|Win32.ActiveCfg = Debug|Win32
		{3EFFE07D-25B0-4CD6-9584-D726B08D2300}.Debug|Win32.Build.0 = Debug|Win32
		{3EFFE07D-25B0-4CD6-9584-D726B08D2300}.Debug|x64.ActiveCfg = Debug|x64
		{3EFFE07D-25B0-4CD6-9584-D726B08D2300}.Debug|x64.Build.0 = Debug|x64
		{3EFFE07D-25B0-4CD6-9584-D726B08D2300}.Release|Win32.ActiveCfg = Release|Win32
		{3EFFE07D-25B0-4CD6-9584-D726B08D2300}.Release|Win32.Build.0 = Release|Win32
		{3EFFE07D-25B0-4CD6-9584-D726B08D2300}.Release|x64.ActiveCfg = Release|x64
		{3EFFE07D-25B0-4CD6-9584-D726B08D2300}.Release|x64.Build.0 = Release|x64
		{DD7CA84E-4602-4AC3-BEF5-74BCCD7451D2}.Debug|Win32.ActiveCfg = Debug|Win32
		{DD7CA84E-4602-4AC3-BEF5-74BCCD7451D2}.Debug|Win32.Build.0 = Debug|Win32
		{DD7CA84E-4602-4AC3-BEF5-74BCCD7451D2}.Debug|x64.ActiveCfg = Debug|x64
		{DD7CA84E-4602-4AC3-BEF5-74BCCD7451D2}.Debug|x64.Build.0 = Debug|x64
		{DD7CA84E-4602-4AC3-BEF5-74BCCD7451D2}.Release|Win32.ActiveCfg = Release|Win32
		{DD7CA84E-4602-4AC3-BEF5-74BCCD7451D2}.Release|Win32.Build.0 = Release|Win32
		{DD7CA84E-4602-4AC3-BEF5-74BCCD7451D2}.Release|x64.ActiveCfg = Release|x64
		{DD7CA84E-4602-4AC3-BEF5-74BCCD7451D2}.Release|x64.Build.0 = Release|x64
		{C3F09F97-FA65-4547-BE59-6C6AF2B5D04A}.Debug|Win32.ActiveCfg = Debug|Win32
		{C3F09F97-FA65-4547-BE59-6C6AF2B5D04A}.Debug|Win32.Build.0 = Debug|Win32
		{C3F09F97-FA65-4547-BE59-6C6AF2B5D04A}.Debug|x64.ActiveCfg = Debug|x64
		{C3F09F97-FA65-4547-BE59-6C6AF2B5D04A}.Debug|x64.Build.0 = Debug|x64
		{C3F09F97-FA65-4547-BE59-6C6AF2B5D04A}.Release|Win32.ActiveCfg = Release|Win32
		{C3F09F97-FA65-4547-BE59-6C6AF2B5D04A}.Release|Win32.Build.0 = Release|Win32
		{C3F09F97-FA65-4547-BE59-6C6AF2B5D04A}.Release|x64.ActiveCfg = Release|x64
		{C3F09F97-FA65-4547-BE59-6C6AF2B5D04A}.Release|x64.Build.0 = Release|x64
		{3656274E-09E7-448A-8E0A-1A87C57281E5}.Debug|Win32.ActiveCfg = Debug|Win32
		{3656274E-09E7-448A-8E0A-1A87C57281E5}.Debug|Win32.Build.0 = Debug|Win32
		{3656274E-09E7-448A-8E0A-1A87C57281E5}.Debug|x64.ActiveCfg = Debug|x64
		{3656274E-09E7-448A-8E0A-1A87C57281E5}.Debug|x64.Build.0 = Debug|x64
		{3656274E-09E7-448A-8E0A-1A87C57281E5}.Release|Win32.ActiveCfg = Release|Win32
		{3656274E-09E7-448A-8E0A-1A87C57281E5}.Release|Win32.Build.0 = Release|Win32
		{3656274E-09E7-448A-8E0A-1A87C57281E5}.Release|x64.ActiveCfg = Release|x64
		{3656274E-09E7-448A-8E0A-1A87C57281E5}.Release|x64.Build.0 = Release|x64
		{BE8572BB-4415-48D6-AEE0-FC27A74C3CED}.Debug|Win32.ActiveCfg = Debug|Win32
		{BE8572BB-4415-48D6-AEE0-FC27A74C3CED}.Debug|Win32.Build.0 = Debug|Win32
		{BE8572BB-4415-48D6-AEE0-FC27A74C3CED}.Debug|x64.ActiveCfg = Debug|x64
		{BE8572BB-4415-48D6-AEE0-FC27A74C3CED}.Debug|x64.Build.0 = Debug|x64
		{BE8572BB-4415-48D6-AEE0-FC27A74C3CED}.Release|Win32.ActiveCfg = Release|Win32
		{BE8572BB-4415-48D6-AEE0-FC27A74C3CED}.Release|Win32.Build.0 = Release|Win32
		{BE8572BB-4415-48D6-AEE0-FC27A74C3CED}.Release|x64.ActiveCfg = Release|x64
		{BE8572BB-4415-48D6-AEE0-FC27A74C3CED}.Release|x64.Build.0 = Release|x64
		{12A01668-FF88-4A88-8AC5-394B447B2D7E}.Debug|Win32.ActiveCfg = Debug|Win32
		{12A01668-FF88-4A88-8AC5-394B447B2D7E}.Debug|Win32.Build.0 = Debug|Win32
		{12A01668-FF88-4A88-8AC5-394B447B2D7E}.Debug|x64.ActiveCfg = Debug|x64
		{12A01668-FF88-4A88-8AC5-394B447B2D7E}.Debug|x64.Build.0 = Debug|x64
		{12A01668-FF88-4A88-8AC5-394B447B2D7E}.Release|Win32.ActiveCfg = Release|Win32
		{12A01668-FF88-4A88-8AC5-394B447B2D7E}.Release|Win32.Build.0 = Release|Win32
		{12A01668-FF88-4A88-8AC5-394B447B2D7E}.Release|x64.ActiveCfg = Release|x64
		{12A01668-FF88-4A88-8AC5-394B447B2D7E}.Release|x64.Build.0 = Release|x64
		{066D0D1B-F97E-424E-910A-58E8D5587935}.Debug|Win32.ActiveCfg = Debug|Win32
		{066D0D1B-F97E-424E-910A-58E8D5587935}.Debug|Win32.Build.0 = Debug|Win32
		{066D0D1B-F97E-424E-910A-58E8D5587935}.Debug|x64.ActiveCfg = Debug|x64
		{066D0D1B-F97E-424E-910A-58E8D5587935}.Debug|x64.Build.0 = Debug|x64
		{066D0D1B-F97E-424E-910A-58E8D5587935}.Release|Win32.ActiveCfg = Release|Win32
		{066D0D1B-F97E-424E-910A-58E8D5587935}.Release|Win32.Build.0 = Release|Win32
		{066D0D1B-F97E-424E-910A-58E8D5587935}.Release|x64.ActiveCfg = Release|x64
		{066D0D1B-F97E-424E-910A-58E8D5587935}.Release|x64.Build.0 = Release|x64
		{B4D73B08-66FD-4BE3-8FD9-53B1193E518F}.Debug|Win32.ActiveCfg = Debug|Win32
		{B4D73B08-66FD-4BE3-8FD9-53B1193E518F}.Debug|Win32.Build.0 = Debug|Win32
		{B4D73B08-66FD-4BE3-8FD9-53B1193E518F}.Debug|x64.ActiveCfg = Debug|x64
		{B4D73B08-66FD-4BE3-8FD9-53B1193E518F}.Debug|x64.Build.0 = Debug|x64
		{B4D73B08-66FD-4BE3-8FD9-53B1193E518F}.Release|Win32.ActiveCfg = Release|Win32
		{B4D73B08-66FD-4BE3-8FD9-53B1193E518F}.Release|Win32.Build.0 = Release|Win32
		{B4D73B08-66FD-4BE3-8FD9-53B1193E518F}.Release|x64.ActiveCfg = Release|x64
		{B4D73B08-66FD-4BE3-8FD9-53B1193E518F}.Release|x64.Build.0 = Release|x64
		{9A7B3DFD-4F72-4D9D-9611-BB733ED64621}.Debug|Win32.ActiveCfg = Debug|Win32
		{9A7B3DFD-4F72-4D9D-9611-BB733ED64621}.Debug|Win32.Build.0 = Debug|Win32
		{9A7B3DFD-4F72-4D9D-9611-BB733ED64621}.Debug|x64.ActiveCfg = Debug|x64
		{9A7B3DFD-4F72-4D9D-9611-BB733ED64621}.Debug|x64.Build.0 = Debug|x64
		{9A7B3DFD-4F72-4D9D-9611-BB733ED64621}.Release|Win32.ActiveCfg = Release|Win32
		{9A7B3DFD-4F72-4D9D-9611-BB733ED64621}.Release|Win32.Build.0 = Release|Win32
		{9A7B3DFD-4F72-4D9D-9611-BB733ED64621}.Release|x64.ActiveCfg = Release|x64
		{9A7B3DFD-4F72-4D9D-9611-BB733ED64621}.Release|x64.Build.0 = Release|x64
		{C887944E-AD9B-4C5E-91B6-B04F4E5B35CE}.Debug|Win32.ActiveCfg = Debug|Win32
		{C887944E-AD9B-4C5E-91B6-B04F4E5B35CE}.Debug|Win32.Build.0 = Debug|Win32
		{C887944E-AD9B-4C5E-91B6-B04F4E5B35CE}.Debug|x64.ActiveCfg = Debug|x64
		{C887944E-AD9B-4C5E-91B6-B04F4E5B35CE}.Debug|x64.Build.0 = Debug|x64
		{C887944E-AD9B-4C5E-91B6-B04F4E5B35CE}.Release|Win32.ActiveCfg = Release|Win32
		{C887944E-AD9B-4C5E-91B6-B04F4E5B35CE}.Release|Win32.Build.0 = Release|Win32
		{C887944E-AD9B-4C5E-91B6-B04F4E5B35CE}.Release|x64.ActiveCfg = Release|x64
		{C887944E-AD9B-4C5E-91B6-B04F4E5B35CE}.Release|x64.Build.0 = Release|x64
		{E20C76E4-3B50-4905-91AD-15736D64ED57}.Debug|Win32.ActiveCfg = Debug|Win32
		{E20C76E4-3B50-4905-91AD-15736D64ED57}.Debug|Win32.Build.0 = Debug|Win32
		{E20C76E4-3B50-4905-91AD-15736D64ED57}.Debug|x64.ActiveCfg = Debug|x64
		{E20C76E4-3B50-4905-91AD-15736D64ED57}.Debug|x64.Build.0 = Debug|x64
		{E20C76E4-3B50-4905-91AD-15736D64ED57}.Release|Win32.ActiveCfg = Release|Win32
		{E20C76E4-3B50-4905-91AD-15736D64ED57}.Release|Win32.Build.0 = Release|Win32
		{E20C76E4-3B50-4905-91AD-15736D64ED57}.Release|x64.ActiveCfg = Release|x64
		{E20C76E4-3B50-4905-91AD-15736D64ED57}.Release|x64.Build.0 = Release|x64
		{E1FC2EB0-D727-485C-89FA-44CC6914D7FF}.Debug|Win32.ActiveCfg = Debug|Win32
		{E1FC2EB0-D727-485C-89FA-44CC6914D7FF}.Debug|Win32.Build.0 = Debug|Win32
		{E1FC2EB0-D727-485C-89FA-44CC6914D7FF}.Debug|x64.ActiveCfg = Debug|x64
		{E1FC2EB0-D727-485C-89FA-44CC6914D7FF}.Debug|x64.Build.0 = Debug|x64
		{E1FC2EB0-D727-485C-89FA-44CC6914D7FF}.Release|Win32.ActiveCfg = Release|Win32
		{E1FC2EB0-D727-485C-89FA-44CC6914D7FF}.Release|Win32.Build.0 = Release|Win32
		{E1FC2EB0-D727-485C-89FA-44CC6914D7FF}.Release|x64.ActiveCfg = Release|x64
		{E1FC2EB0-D727-485C-89FA-44CC6914D7FF}.Release|x64.Build.0 = Release|x64
		{01263202-227D-4316-8459-25D35EFCD16E}.Debug|Win32.ActiveCfg = Debug|Win32
		{01263202-227D-4316-8459-25D35EFCD16E}.Debug|Win32.Build.0 = Debug|Win32
		{01263202-227D-4316-8459-25D35EFCD16E}.Debug|x64.ActiveCfg = Debug|x64
		{01263202-227D-4316-8459-25D35EFCD16E}.Debug|x64.Build.0 = Debug|x64
		{01263202-227D-4316-8459-25D35EFCD16E}.Release|Win32.ActiveCfg = Release|Win32
		{01263202-227D-4316-8459-25D35EFCD16E}.Release|Win32.Build.0 = Release|Win32
		{01263202-227D-4316-8459-25D35EFCD16E}.Release|x64.ActiveCfg = Release|x64
		{01263202-227D-4316-8459-25D35EFCD16E}.Release|x64.Build.0 = Release|x64
		{A8AE6659-CFC8-45AB-8292-867E4236C223}.Debug|Win32.ActiveCfg = Debug|Win32
		{A8AE6659-CFC8-45AB-8292-867E4236C223}.Debug|Win32.Build.0 = Debug|Win32
		{A8AE6659-CFC8-45AB-8292-867E4236C223}.Debug|x64.ActiveCfg = Debug|x64
		{A8AE6659-CFC8-45AB-8292-867E4236C223}.Debug|x64.Build.0 = Debug|x64
		{A8AE6659-CFC8-45AB-8292-867E4236C223}.Release|Win32.ActiveCfg = Release|Win32
		{A8AE6659-CFC8-45AB-8292-867E4236C223}.Release|Win32.Build.0 = Release|Win32
		{A8AE6659-CFC8-45AB-8292-867E4236C223}.Release|x64.ActiveCfg = Release|x64
		{A8AE6659-CFC8-45AB-8292-867E4236C223}.Release|x64.Build.0 = Release|x64
		{FC94BE80-16DB-4078-9172-18F1246D0778}.Debug|Win32.ActiveCfg = Debug|Win32
		{FC94BE80-16DB-4078-9172-18F1246D0778}.Debug|Win32.Build.0 = Debug|Win32
		{FC94BE80-16DB-4078-9172-18F1246D0778}.Debug|x64.ActiveCfg = Debug|x64
		{FC94BE80-16DB-4078-9172-18F1246D0778}.Debug|x64.Build.0 = Debug|x64
		{FC94BE80-16DB-4078-9172-18F1246D0778}.Release|Win32.ActiveCfg = Release|Win32
		{FC94BE80-16DB-4078-9172-18F1246D0778}.Release|Win32.Build.0 = Release|Win32
		{FC94BE80-16DB-4078-9172-18F1246D0778}.Release|x64.ActiveCfg = Release|x64
		{FC94BE80-16DB-4078-9172-18F1246D0778}.Release|x64.Build.0 = Release|x64
		{765A133F-BE53-48E0-B1E0-2394188F9794}.Debug|Win32.ActiveCfg = Debug|Win32
		{765A133F-BE53-48E0-B1E0-2394188F9794}.Debug|Win32.Build.0 = Debug|Win32
		{765A133F-BE53-48E0-B1E0-2394188F9794}.Debug|x64.ActiveCfg = Debug|x64
		{765A133F-BE53-48E0-B1E0-2394188F9794}.Debug|x64.Build.0 = Debug|x64
		{765A133F-BE53-48E0-B1E0-2394188F9794}.Release|Win32.ActiveCfg = Release|Win32
		{765A133F-BE53-48E0-B1E0-2394188F9794}.Release|Win32.Build.0 = Release|Win32
		{765A133F-BE53-48E0-B1E0-2394188F9794}.Release|x64.ActiveCfg = Release|x64
		{765A133F-BE53-48E0-B1E0-2394188F9794}.Release|x64.Build.0 = Release|x64
		{D03EC33C-76CE-4FD5-A9B6-87AA9B631E6D}.Debug|Win32.ActiveCfg = Debug|Win32
		{D03EC33C-76CE-4FD5-A9B6-87AA9B631E6D}.Debug|Win32.Build.0 = Debug|Win32
		{D03EC33C-76CE-4FD5-A9B6-87AA9B631E6D}.Debug|x64.ActiveCfg = Debug|x64
		{D03EC33C-76CE-4FD5-A9B6-87AA9B631E6D}.Debug|x64.Build.0 = Debug|x64
		{D03EC33C-76CE-4FD5-A9B6-87AA9B631E6D}.Release|Win32.ActiveCfg = Release|Win32
		{D03EC33C-76CE-4FD5-A9B6-87AA9B631E6D}.Release|Win32.Build.0 = Release|Win32
		{D03EC33C-76CE-4FD5-A9B6-87AA9B631E6D}.Release|x64.ActiveCfg = Release|x64
		{D03EC33C-76CE-4FD5-A9B6-87AA9B631E6D}.Release|x64.Build.0 = Release|x64
		{A66C117C-4FFD-4ACD-8F28-271BD074FA1C}.Debug|Win32.ActiveCfg = Debug|Win32
		{A66C117C-4FFD-4ACD-8F28-271BD074FA1C}.Debug|Win32.Build.0 = Debug|Win32
		{A66C117C-4FFD-4ACD-8F28-271BD074FA1C}.Debug|x64.ActiveCfg = Debug|x64
		{A66C117C-4FFD-4ACD-8F28-271BD074FA1C}.Debug|x64.Build.0 = Debug|x64
		{A66C117C-4FFD-4ACD-8F28-271BD074FA1C}.Release|Win32.ActiveCfg = Release|Win32
		{A66C117C-4FFD-4ACD-8F28-271BD074FA1C}.Release|Win32.Build.0 = Release|Win32
		{A66C117C-4FFD-4ACD-8F28-271BD074FA1C}.Release|x64.ActiveCfg = Release|x64
		{A66C117C-4FFD-4ACD-8F28-271BD074FA1C}.Release|x64.Build.0 = Release|x64
		{8CEB3E5A-E4F9-4192-A995-15931D679455}.Debug|Win32.ActiveCfg = Debug|Win32
		{8CEB3E5A-E4F9-4192-A995-15931D679455}.Debug|Win32.Build.0 = Debug|Win32
		{8CEB3E5A-E4F9-4192-A995-15931D679455}.Debug|x64.ActiveCfg = Debug|x64
		{8CEB3E5A-E4F9-4192-A995-15931D679455}.Debug|x64.Build.0 = Debug|x64
		{8CEB3E5A-E4F9-4192-A995-15931D679455}.Release|Win32.ActiveCfg = Release|Win32
		{8CEB3E5A-E4F9-4192-A995-15931D679455}.Release|Win32.Build.0 = Release|Win32
		{8CEB3E5A-E4F9-4192-A995-15931D679455}.Release|x64.ActiveCfg = Release|x64
		{8CEB3E5A-E4F9-4192-A995-15931D679455}.Release|x64.Build.0 = Release|x64
		{DF4D72FB-CA12-4716-B537-D583CC0FC2EB}.Debug|Win32.ActiveCfg = Debug|Win32
		{DF4D72FB-CA12-4716-B537-D583CC0FC2EB}.Debug|Win32.Build.0 = Debug|Win32
		{DF4D72FB-CA12-4716-B537-D583CC0FC2EB}.Debug|x64.ActiveCfg = Debug|x64
		{DF4D72FB-CA12-4716-B537-D583CC0FC2EB}.Debug|x64.Build.0 = Debug|x64
		{DF4D72FB-CA12-4716-B537-D583CC0FC2EB}.Release|Win32.ActiveCfg = Release|Win32
		{DF4D72FB-CA12-4716-B537-D583CC0FC2EB}.Release|Win32.Build.0 = Release|Win32
		{DF4D72FB-CA12-4716-B537-D583CC0FC2EB}.Release|x64.ActiveCfg = Release|x64
		{DF4D72FB-CA12-4716-B537-D583CC0FC2EB}.Release|x64.Build.0 = Release|x64
		{15667BC9-8FD1-4A29-94B4-22B568B5DDA6}.Debug|Win32.ActiveCfg = Debug|Win32
		{15667BC9-8FD1-4A29-94B4-22B568B5DDA6}.Debug|Win32.Build.0 = Debug|Win32
		{15667BC9-8FD1-4A29-94B4-22B568B5DDA6}.Debug|x64.ActiveCfg = Debug|Win32
		{15667BC9-8FD1-4A29-94B4-22B568B5DDA6}.Release|Win32.ActiveCfg = Release|Win32
		{15667BC9-8FD1-4A29-94B4-22B568B5DDA6}.Release|Win32.Build.0 = Release|Win32
		{15667BC9-8FD1-4A29-94B4-22B568B5DDA6}.Release|x64.ActiveCfg = Release|Win32
		{7DB268DF-D117-40C0-97C8-9137C4BE3984}.Debug|Win32.ActiveCfg = Debug|Win32
		{7DB268DF-D117-40C0-97C8-9137C4BE3984}.Debug|Win32.Build.0 = Debug|Win32
		{7DB268DF-D117-40C0-97C8-9137C4BE3984}.Debug|x64.ActiveCfg = Debug|Win32
		{7DB268DF-D117-40C0-97C8-9137C4BE3984}.Release|Win32.ActiveCfg = Release|Win32
		{7DB268DF-D117-40C0-97C8-9137C4BE3984}.Release|Win32.Build.0 = Release|Win32
		{7DB268DF-D117-40C0-97C8-9137C4BE3984}.Release|x64.ActiveCfg = Release|Win32
		{D24ECB66-303C-4E77-AF14-3088486A38F7}.Debug|Win32.ActiveCfg = Debug|Win32
		{D24ECB66-303C-4E77-AF14-3088486A38F7}.Debug|Win32.Build.0 = Debug|Win32
		{D24ECB66-303C-4E77-AF14-3088486A38F7}.Debug|x64.ActiveCfg = Debug|x64
		{D24ECB66-303C-4E77-AF14-3088486A38F7}.Debug|x64.Build.0 = Debug|x64
		{D24ECB66-303C-4E77-AF14-3088486A38F7}.Release|Win32.ActiveCfg = Release|Win32
		{D24ECB66-303C-4E77-AF14-3088486A38F7}.Release|Win32.Build.0 = Release|Win32
		{D24ECB66-303C-4E77-AF14-3088486A38F7}.Release|x64.ActiveCfg = Release|x64
		{D24ECB66-303C-4E77-AF14-3088486A38F7}.Release|x64.Build.0 = Release|x64
		{11BBB2DD-B55E-4B54-B24D-448B74E994E2}.Debug|Win32.ActiveCfg = Debug|Win32
		{11BBB2DD-B55E-4B54-B24D-448B74E994E2}.Debug|Win32.Build.0 = Debug|Win32
		{11BBB2DD-B55E-4B54-B24D-448B74E994E2}.Debug|x64.ActiveCfg = Debug|x64
		{11BBB2DD-B55E-4B54-B24D-448B74E994E2}.Debug|x64.Build.0 = Debug|x64
		{11BBB2DD-B55E-4B54-B24D-448B74E994E2}.Release|Win32.ActiveCfg = Release|Win32
		{11BBB2DD-B55E-4B54-B24D-448B74E994E2}.Release|Win32.Build.0 = Release|Win32
		{11BBB2DD-B55E-4B54-B24D-448B74E994E2}.Release|x64.ActiveCfg = Release|x64
		{11BBB2DD-B55E-4B54-B24D-448B74E994E2}.Release|x64.Build.0 = Release|x64
	EndGlobalSection
	GlobalSection(SolutionProperties) = preSolution
		HideSolutionNode = FALSE
	EndGlobalSection
	GlobalSection(NestedProjects) = preSolution
		{D147FE48-6FCE-4D40-A4B7-2015F928603D} = {9CC5C3AC-84E2-4803-9CEF-BF627BB2C8E1}
		{E8E19087-1527-41CA-AAD0-53680DDE5B11} = {C61D286B-17D5-4238-AB62-DF4DF9865169}
		{C953C8D9-E80D-4B3D-86BB-C5B1C1B6875A} = {C61D286B-17D5-4238-AB62-DF4DF9865169}
		{3EFFE07D-25B0-4CD6-9584-D726B08D2300} = {C61D286B-17D5-4238-AB62-DF4DF9865169}
		{DD7CA84E-4602-4AC3-BEF5-74BCCD7451D2} = {C61D286B-17D5-4238-AB62-DF4DF9865169}
		{C3F09F97-FA65-4547-BE59-6C6AF2B5D04A} = {C61D286B-17D5-4238-AB62-DF4DF9865169}
		{3656274E-09E7-448A-8E0A-1A87C57281E5} = {C61D286B-17D5-4238-AB62-DF4DF9865169}
		{BE8572BB-4415-48D6-AEE0-FC27A74C3CED} = {C61D286B-17D5-4238-AB62-DF4DF9865169}
		{009FB895-AF76-4DBE-B35A-E43ABAFFE563} = {17620A3A-947D-4A8C-8D6F-8418F127E2AB}
		{066D0D1B-F97E-424E-910A-58E8D5587935} = {C61D286B-17D5-4238-AB62-DF4DF9865169}
		{B4D73B08-66FD-4BE3-8FD9-53B1193E518F} = {C61D286B-17D5-4238-AB62-DF4DF9865169}
		{9A7B3DFD-4F72-4D9D-9611-BB733ED64621} = {9CC5C3AC-84E2-4803-9CEF-BF627BB2C8E1}
		{C887944E-AD9B-4C5E-91B6-B04F4E5B35CE} = {C61D286B-17D5-4238-AB62-DF4DF9865169}
		{87187B18-D03A-4EC0-AA7B-77416100F494} = {17620A3A-947D-4A8C-8D6F-8418F127E2AB}
		{E20C76E4-3B50-4905-91AD-15736D64ED57} = {2A023C95-5B26-4C4C-838E-77468DD1C9D4}
		{E1FC2EB0-D727-485C-89FA-44CC6914D7FF} = {2A023C95-5B26-4C4C-838E-77468DD1C9D4}
		{01263202-227D-4316-8459-25D35EFCD16E} = {2A023C95-5B26-4C4C-838E-77468DD1C9D4}
		{6253B36F-9C40-47F1-9EED-54CBCA0EC623} = {2A023C95-5B26-4C4C-838E-77468DD1C9D4}
		{6EF6849B-6B23-4F0E-9165-1C41A0F286E8} = {2A023C95-5B26-4C4C-838E-77468DD1C9D4}
		{12DA533C-1788-4A45-A4B6-FC14505FCF5F} = {2A023C95-5B26-4C4C-838E-77468DD1C9D4}
		{9D2D81C8-58F5-4B9C-A80C-38E7507056F0} = {12DA533C-1788-4A45-A4B6-FC14505FCF5F}
		{D009E309-977C-4F63-951E-73559D92AC86} = {2A023C95-5B26-4C4C-838E-77468DD1C9D4}
		{A8AE6659-CFC8-45AB-8292-867E4236C223} = {C61D286B-17D5-4238-AB62-DF4DF9865169}
		{FC94BE80-16DB-4078-9172-18F1246D0778} = {9CC5C3AC-84E2-4803-9CEF-BF627BB2C8E1}
		{765A133F-BE53-48E0-B1E0-2394188F9794} = {9CC5C3AC-84E2-4803-9CEF-BF627BB2C8E1}
		{D03EC33C-76CE-4FD5-A9B6-87AA9B631E6D} = {9CC5C3AC-84E2-4803-9CEF-BF627BB2C8E1}
		{A66C117C-4FFD-4ACD-8F28-271BD074FA1C} = {9CC5C3AC-84E2-4803-9CEF-BF627BB2C8E1}
		{8CEB3E5A-E4F9-4192-A995-15931D679455} = {9CC5C3AC-84E2-4803-9CEF-BF627BB2C8E1}
		{B63EF47F-D767-4CD1-BD3F-6AE36A776FE8} = {17620A3A-947D-4A8C-8D6F-8418F127E2AB}
		{35244252-61B0-4B77-BC8C-465B3E1CB613} = {2A023C95-5B26-4C4C-838E-77468DD1C9D4}
		{C1801B5E-7B34-4713-BEB6-8F783E262F3D} = {2A023C95-5B26-4C4C-838E-77468DD1C9D4}
		{DF4D72FB-CA12-4716-B537-D583CC0FC2EB} = {9CC5C3AC-84E2-4803-9CEF-BF627BB2C8E1}
		{DE26F071-E6A0-4A2C-8B61-973533647F93} = {2A023C95-5B26-4C4C-838E-77468DD1C9D4}
		{4B994E02-3A1D-458C-8D1D-999524E76ADD} = {2A023C95-5B26-4C4C-838E-77468DD1C9D4}
		{15667BC9-8FD1-4A29-94B4-22B568B5DDA6} = {17620A3A-947D-4A8C-8D6F-8418F127E2AB}
		{7DB268DF-D117-40C0-97C8-9137C4BE3984} = {17620A3A-947D-4A8C-8D6F-8418F127E2AB}
		{D24ECB66-303C-4E77-AF14-3088486A38F7} = {C61D286B-17D5-4238-AB62-DF4DF9865169}
		{11BBB2DD-B55E-4B54-B24D-448B74E994E2} = {C61D286B-17D5-4238-AB62-DF4DF9865169}
	EndGlobalSection
	GlobalSection(ExtensibilityGlobals) = postSolution
		SolutionGuid = {DA2FB664-5954-49B8-843B-5144D183E3DC}
	EndGlobalSection
EndGlobal
