<?xml version="1.0" encoding="utf-8"?>
<Project ToolsVersion="4.0" xmlns="http://schemas.microsoft.com/developer/msbuild/2003">
  <ItemGroup>
    <Filter Include="Source Files">
      <UniqueIdentifier>{4FC737F1-C7A5-4376-A066-2A32D752A2FF}</UniqueIdentifier>
      <Extensions>cpp;c;cc;cxx;def;odl;idl;hpj;bat;asm;asmx</Extensions>
    </Filter>
    <Filter Include="Nuked-OPN2">
      <UniqueIdentifier>{140c8b40-69c0-4ed4-a500-9b73799ff870}</UniqueIdentifier>
    </Filter>
  </ItemGroup>
  <ItemGroup>
    <ClCompile Include="crc.cpp">
      <Filter>Source Files</Filter>
    </ClCompile>
    <ClCompile Include="tinfl.c">
      <Filter>Source Files</Filter>
    </ClCompile>
    <ClCompile Include="vgm_md2psg.cpp">
      <Filter>Source Files</Filter>
    </ClCompile>
    <ClCompile Include="ym3438.cpp">
      <Filter>Nuked-OPN2</Filter>
    </ClCompile>
  </ItemGroup>
  <ItemGroup>
    <None Include="LICENSE">
      <Filter>Nuked-OPN2</Filter>
    </None>
  </ItemGroup>
  <ItemGroup>
    <Text Include="README_NukedOPN2.txt">
      <Filter>Nuked-OPN2</Filter>
    </Text>
  </ItemGroup>
  <ItemGroup>
    <ClInclude Include="ym3438.h">
      <Filter>Nuked-OPN2</Filter>
    </ClInclude>
  </ItemGroup>
</Project>