<?xml version="1.0" encoding="utf-8"?>
<Project ToolsVersion="4.0" xmlns="http://schemas.microsoft.com/developer/msbuild/2003">
  <ItemGroup>
    <Filter Include="Source Files">
      <UniqueIdentifier>{4FC737F1-C7A5-4376-A066-2A32D752A2FF}</UniqueIdentifier>
      <Extensions>cpp;c;cc;cxx;def;odl;idl;hpj;bat;asm;asmx</Extensions>
    </Filter>
    <Filter Include="Header Files">
      <UniqueIdentifier>{93995380-89BD-4b04-88EB-625FBE52EBFB}</UniqueIdentifier>
      <Extensions>h;hpp;hxx;hm;inl;inc;xsd</Extensions>
    </Filter>
    <Filter Include="Resource Files">
      <UniqueIdentifier>{67DA6AB6-F800-4c08-8B7A-83BB121AAD01}</UniqueIdentifier>
      <Extensions>rc;ico;cur;bmp;dlg;rc2;rct;bin;rgs;gif;jpg;jpeg;jpe;resx;tiff;tif;png;wav</Extensions>
    </Filter>
    <Filter Include="Console Source">
      <UniqueIdentifier>{5114b83b-f1c8-4184-a228-6a4693d26d49}</UniqueIdentifier>
    </Filter>
    <Filter Include="Console Source\balls">
      <UniqueIdentifier>{402d60ca-93ea-43f1-a4e0-36224e5418b7}</UniqueIdentifier>
    </Filter>
    <Filter Include="Console Source\chuck">
      <UniqueIdentifier>{d404c0e7-a0d2-417f-9aec-871cf39f9f73}</UniqueIdentifier>
    </Filter>
    <Filter Include="Console Source\blinken">
      <UniqueIdentifier>{1c872448-9ab8-4d5c-8556-aa5596403ba1}</UniqueIdentifier>
    </Filter>
    <Filter Include="Console Source\piano">
      <UniqueIdentifier>{bc53f592-ce63-4a6b-82dc-9542aa2415a0}</UniqueIdentifier>
    </Filter>
  </ItemGroup>
  <ItemGroup>
    <ClCompile Include="QuickPlayer.cpp">
      <Filter>Source Files</Filter>
    </ClCompile>
    <ClCompile Include="QuickPlayerDlg.cpp">
      <Filter>Source Files</Filter>
    </ClCompile>
    <ClCompile Include="stdafx.cpp">
      <Filter>Source Files</Filter>
    </ClCompile>
    <ClCompile Include="quickplayColeco.c">
      <Filter>Source Files</Filter>
    </ClCompile>
    <ClCompile Include="quickplayTI.c">
      <Filter>Source Files</Filter>
    </ClCompile>
    <ClCompile Include="console\quickplay.c">
      <Filter>Console Source</Filter>
    </ClCompile>
    <ClCompile Include="qpballsTI.c">
      <Filter>Source Files</Filter>
    </ClCompile>
    <ClCompile Include="console\qpballs\ani1.c">
      <Filter>Console Source\balls</Filter>
    </ClCompile>
    <ClCompile Include="console\qpballs\main.c">
      <Filter>Console Source\balls</Filter>
    </ClCompile>
    <ClCompile Include="console\qpchuck\chuckrock.c">
      <Filter>Console Source\chuck</Filter>
    </ClCompile>
    <ClCompile Include="qpchuckTI.c">
      <Filter>Source Files</Filter>
    </ClCompile>
    <ClCompile Include="qpChuckColeco.c">
      <Filter>Source Files</Filter>
    </ClCompile>
    <ClCompile Include="qpBallsColeco.c">
      <Filter>Source Files</Filter>
    </ClCompile>
    <ClCompile Include="console\blinken\blinken.c">
      <Filter>Console Source\blinken</Filter>
    </ClCompile>
    <ClCompile Include="qpBlinkenColeco.c">
      <Filter>Source Files</Filter>
    </ClCompile>
    <ClCompile Include="qpBlinkenTI.c">
      <Filter>Source Files</Filter>
    </ClCompile>
    <ClCompile Include="console\qppiano\piano.c">
      <Filter>Console Source\piano</Filter>
    </ClCompile>
    <ClCompile Include="qpPianoColeco.c">
      <Filter>Source Files</Filter>
    </ClCompile>
    <ClCompile Include="qpPianoTI.c">
      <Filter>Source Files</Filter>
    </ClCompile>
  </ItemGroup>
  <ItemGroup>
    <ClInclude Include="QuickPlayer.h">
      <Filter>Header Files</Filter>
    </ClInclude>
    <ClInclude Include="QuickPlayerDlg.h">
      <Filter>Header Files</Filter>
    </ClInclude>
    <ClInclude Include="Resource.h">
      <Filter>Header Files</Filter>
    </ClInclude>
    <ClInclude Include="stdafx.h">
      <Filter>Header Files</Filter>
    </ClInclude>
    <ClInclude Include="console\qpchuck\chuckcol.h">
      <Filter>Console Source\chuck</Filter>
    </ClInclude>
    <ClInclude Include="console\qpchuck\chuckpat.h">
      <Filter>Console Source\chuck</Filter>
    </ClInclude>
  </ItemGroup>
  <ItemGroup>
    <Image Include="res\QuickPlayer.ico">
      <Filter>Resource Files</Filter>
    </Image>
  </ItemGroup>
  <ItemGroup>
    <ResourceCompile Include="QuickPlayer.rc">
      <Filter>Resource Files</Filter>
    </ResourceCompile>
  </ItemGroup>
  <ItemGroup>
    <None Include="res\QuickPlayer.rc2">
      <Filter>Resource Files</Filter>
    </None>
    <None Include="console\crt0.s">
      <Filter>Console Source</Filter>
    </None>
    <None Include="console\crt0_ea5.asm">
      <Filter>Console Source</Filter>
    </None>
    <None Include="console\Makefile">
      <Filter>Console Source</Filter>
    </None>
    <None Include="console\qpballs\crt0_ea5.asm">
      <Filter>Console Source\balls</Filter>
    </None>
    <None Include="console\qpballs\Makefile">
      <Filter>Console Source\balls</Filter>
    </None>
    <None Include="console\qpchuck\crt0_ea5.asm">
      <Filter>Console Source\chuck</Filter>
    </None>
    <None Include="console\qpchuck\Makefile">
      <Filter>Console Source\chuck</Filter>
    </None>
    <None Include="console\qpchuck\crt0.s">
      <Filter>Console Source\chuck</Filter>
    </None>
    <None Include="console\qpballs\crt0.s">
      <Filter>Console Source\balls</Filter>
    </None>
    <None Include="console\blinken\crt0.s">
      <Filter>Console Source\blinken</Filter>
    </None>
    <None Include="console\blinken\crt0_ea5.asm">
      <Filter>Console Source\blinken</Filter>
    </None>
    <None Include="console\blinken\Makefile">
      <Filter>Console Source\blinken</Filter>
    </None>
    <None Include="console\qppiano\crt0.s">
      <Filter>Console Source\piano</Filter>
    </None>
    <None Include="console\qppiano\crt0_ea5.asm">
      <Filter>Console Source\piano</Filter>
    </None>
    <None Include="console\qppiano\Makefile">
      <Filter>Console Source\piano</Filter>
    </None>
  </ItemGroup>
  <ItemGroup>
    <Text Include="console\qpballs\readme.txt">
      <Filter>Console Source\balls</Filter>
    </Text>
    <Text Include="readme.txt">
      <Filter>Console Source</Filter>
    </Text>
  </ItemGroup>
</Project>